
Microsoft Visual Studio Solution File, Format Version 12.00
# Visual Studio Version 17
VisualStudioVersion = 17.14.36511.14 d17.14
MinimumVisualStudioVersion = 10.0.40219.1
Project("{FAE04EC0-301F-11D3-BF4B-00C04F79EFBC}") = "TravelMemories.McpServer", "TravelMemories.McpServer\TravelMemories.McpServer.csproj", "{73D215F6-2367-4B95-83D1-D034F23DA744}"
EndProject
Global
	GlobalSection(SolutionConfigurationPlatforms) = preSolution
		Debug|Any CPU = Debug|Any CPU
		Release|Any CPU = Release|Any CPU
	EndGlobalSection
	GlobalSection(ProjectConfigurationPlatforms) = postSolution
		{73D215F6-2367-4B95-83D1-D034F23DA744}.Debug|Any CPU.ActiveCfg = Debug|Any CPU
		{73D215F6-2367-4B95-83D1-D034F23DA744}.Debug|Any CPU.Build.0 = Debug|Any CPU
		{73D215F6-2367-4B95-83D1-D034F23DA744}.Release|Any CPU.ActiveCfg = Release|Any CPU
		{73D215F6-2367-4B95-83D1-D034F23DA744}.Release|Any CPU.Build.0 = Release|Any CPU
	EndGlobalSection
	GlobalSection(SolutionProperties) = preSolution
		HideSolutionNode = FALSE
	EndGlobalSection
	GlobalSection(ExtensibilityGlobals) = postSolution
		SolutionGuid = {08F66E31-E75C-4C39-B775-D07E9FC84E76}
	EndGlobalSection
EndGlobal
